Microsoft Visual Studio Solution File, Format Version 12.00
# Visual Studio Version 17
VisualStudioVersion = 17.5.2.0
MinimumVisualStudioVersion = 10.0.40219.1
Project("{FAE04EC0-301F-11D3-BF4B-00C04F79EFBC}") = "Explore data type casting and conversion", "Explore data type casting and conversion.csproj", "{9DEA5109-0CB5-6F7B-7313-CC2FA04FC11E}"
EndProject
Global
	GlobalSection(SolutionConfigurationPlatforms) = preSolution
		Debug|Any CPU = Debug|Any CPU
		Release|Any CPU = Release|Any CPU
	EndGlobalSection
	GlobalSection(ProjectConfigurationPlatforms) = postSolution
		{9DEA5109-0CB5-6F7B-7313-CC2FA04FC11E}.Debug|Any CPU.ActiveCfg = Debug|Any CPU
		{9DEA5109-0CB5-6F7B-7313-CC2FA04FC11E}.Debug|Any CPU.Build.0 = Debug|Any CPU
		{9DEA5109-0CB5-6F7B-7313-CC2FA04FC11E}.Release|Any CPU.ActiveCfg = Release|Any CPU
		{9DEA5109-0CB5-6F7B-7313-CC2FA04FC11E}.Release|Any CPU.Build.0 = Release|Any CPU
	EndGlobalSection
	GlobalSection(SolutionProperties) = preSolution
		HideSolutionNode = FALSE
	EndGlobalSection
	GlobalSection(ExtensibilityGlobals) = postSolution
		SolutionGuid = {F84CF00F-FDFB-46AC-8F9A-DCF9F2580C88}
	EndGlobalSection
EndGlobal
