Microsoft Visual Studio Solution File, Format Version 12.00
# Visual Studio Version 17
VisualStudioVersion = 17.5.2.0
MinimumVisualStudioVersion = 10.0.40219.1
Project("{FAE04EC0-301F-11D3-BF4B-00C04F79EFBC}") = "Create do and while iteration loops", "Create do and while iteration loops.csproj", "{AC86C4E4-C54C-0AF4-7315-BDCCE7495317}"
EndProject
Global
	GlobalSection(SolutionConfigurationPlatforms) = preSolution
		Debug|Any CPU = Debug|Any CPU
		Release|Any CPU = Release|Any CPU
	EndGlobalSection
	GlobalSection(ProjectConfigurationPlatforms) = postSolution
		{AC86C4E4-C54C-0AF4-7315-BDCCE7495317}.Debug|Any CPU.ActiveCfg = Debug|Any CPU
		{AC86C4E4-C54C-0AF4-7315-BDCCE7495317}.Debug|Any CPU.Build.0 = Debug|Any CPU
		{AC86C4E4-C54C-0AF4-7315-BDCCE7495317}.Release|Any CPU.ActiveCfg = Release|Any CPU
		{AC86C4E4-C54C-0AF4-7315-BDCCE7495317}.Release|Any CPU.Build.0 = Release|Any CPU
	EndGlobalSection
	GlobalSection(SolutionProperties) = preSolution
		HideSolutionNode = FALSE
	EndGlobalSection
	GlobalSection(ExtensibilityGlobals) = postSolution
		SolutionGuid = {F2DD6188-8566-4EEC-BBE7-E2AE4C742EC9}
	EndGlobalSection
EndGlobal
