Microsoft Visual Studio Solution File, Format Version 12.00
# Visual Studio Version 17
VisualStudioVersion = 17.5.2.0
MinimumVisualStudioVersion = 10.0.40219.1
Project("{FAE04EC0-301F-11D3-BF4B-00C04F79EFBC}") = "If-Statement", "If-Statement.csproj", "{10AE81F4-0588-A9DF-808B-50E7332D890E}"
EndProject
Global
	GlobalSection(SolutionConfigurationPlatforms) = preSolution
		Debug|Any CPU = Debug|Any CPU
		Release|Any CPU = Release|Any CPU
	EndGlobalSection
	GlobalSection(ProjectConfigurationPlatforms) = postSolution
		{10AE81F4-0588-A9DF-808B-50E7332D890E}.Debug|Any CPU.ActiveCfg = Debug|Any CPU
		{10AE81F4-0588-A9DF-808B-50E7332D890E}.Debug|Any CPU.Build.0 = Debug|Any CPU
		{10AE81F4-0588-A9DF-808B-50E7332D890E}.Release|Any CPU.ActiveCfg = Release|Any CPU
		{10AE81F4-0588-A9DF-808B-50E7332D890E}.Release|Any CPU.Build.0 = Release|Any CPU
	EndGlobalSection
	GlobalSection(SolutionProperties) = preSolution
		HideSolutionNode = FALSE
	EndGlobalSection
	GlobalSection(ExtensibilityGlobals) = postSolution
		SolutionGuid = {3257E1BC-938D-40F6-8645-D7E17041B032}
	EndGlobalSection
EndGlobal
