Microsoft Visual Studio Solution File, Format Version 12.00
# Visual Studio Version 17
VisualStudioVersion = 17.5.2.0
MinimumVisualStudioVersion = 10.0.40219.1
Project("{FAE04EC0-301F-11D3-BF4B-00C04F79EFBC}") = "TryParse() a string into an int", "TryParse() a string into an int.csproj", "{3671B1B2-7F99-2A65-958C-ADC3B4FD7330}"
EndProject
Global
	GlobalSection(SolutionConfigurationPlatforms) = preSolution
		Debug|Any CPU = Debug|Any CPU
		Release|Any CPU = Release|Any CPU
	EndGlobalSection
	GlobalSection(ProjectConfigurationPlatforms) = postSolution
		{3671B1B2-7F99-2A65-958C-ADC3B4FD7330}.Debug|Any CPU.ActiveCfg = Debug|Any CPU
		{3671B1B2-7F99-2A65-958C-ADC3B4FD7330}.Debug|Any CPU.Build.0 = Debug|Any CPU
		{3671B1B2-7F99-2A65-958C-ADC3B4FD7330}.Release|Any CPU.ActiveCfg = Release|Any CPU
		{3671B1B2-7F99-2A65-958C-ADC3B4FD7330}.Release|Any CPU.Build.0 = Release|Any CPU
	EndGlobalSection
	GlobalSection(SolutionProperties) = preSolution
		HideSolutionNode = FALSE
	EndGlobalSection
	GlobalSection(ExtensibilityGlobals) = postSolution
		SolutionGuid = {3AB53139-8D20-4C6D-9941-0F1127DFE29B}
	EndGlobalSection
EndGlobal
