Microsoft Visual Studio Solution File, Format Version 12.00
# Visual Studio Version 17
VisualStudioVersion = 17.5.2.0
MinimumVisualStudioVersion = 10.0.40219.1
Project("{FAE04EC0-301F-11D3-BF4B-00C04F79EFBC}") = "Integral Types", "Integral Types.csproj", "{11B7975F-C3D1-C3E4-F0C7-72957777BBCB}"
EndProject
Global
	GlobalSection(SolutionConfigurationPlatforms) = preSolution
		Debug|Any CPU = Debug|Any CPU
		Release|Any CPU = Release|Any CPU
	EndGlobalSection
	GlobalSection(ProjectConfigurationPlatforms) = postSolution
		{11B7975F-C3D1-C3E4-F0C7-72957777BBCB}.Debug|Any CPU.ActiveCfg = Debug|Any CPU
		{11B7975F-C3D1-C3E4-F0C7-72957777BBCB}.Debug|Any CPU.Build.0 = Debug|Any CPU
		{11B7975F-C3D1-C3E4-F0C7-72957777BBCB}.Release|Any CPU.ActiveCfg = Release|Any CPU
		{11B7975F-C3D1-C3E4-F0C7-72957777BBCB}.Release|Any CPU.Build.0 = Release|Any CPU
	EndGlobalSection
	GlobalSection(SolutionProperties) = preSolution
		HideSolutionNode = FALSE
	EndGlobalSection
	GlobalSection(ExtensibilityGlobals) = postSolution
		SolutionGuid = {3F04E892-427D-45E9-8A75-004CCC7079AD}
	EndGlobalSection
EndGlobal
